
Microsoft Visual Studio Solution File, Format Version 12.00
# Visual Studio Version 16
VisualStudioVersion = 16.0.33920.266
MinimumVisualStudioVersion = 10.0.40219.1
Project("{FAE04EC0-301F-11D3-BF4B-00C04F79EFBC}") = "CapaPresentacionAdmin", "TiendaRopa\CapaPresentacionAdmin.csproj", "{F2F47440-D562-47D6-B129-32683555E353}"
EndProject
Project("{FAE04EC0-301F-11D3-BF4B-00C04F79EFBC}") = "CapaPresentacionTienda", "CapaPresentacionTienda\CapaPresentacionTienda.csproj", "{76EDD240-31F7-4F0A-9AF1-9DFE49147BA1}"
EndProject
Project("{FAE04EC0-301F-11D3-BF4B-00C04F79EFBC}") = "DAO", "DAO\DAO.csproj", "{71FE2D78-6FFA-4922-866B-9FC3423A126D}"
EndProject
Project("{FAE04EC0-301F-11D3-BF4B-00C04F79EFBC}") = "Entidades", "Entidades\Entidades.csproj", "{2140E239-45B0-4929-A12C-79C15A3B6B32}"
EndProject
Project("{FAE04EC0-301F-11D3-BF4B-00C04F79EFBC}") = "Negocio", "Negocio\Negocio.csproj", "{90212B6E-BE06-45F0-B57F-D02BBFDD5873}"
EndProject
Global
	GlobalSection(SolutionConfigurationPlatforms) = preSolution
		Debug|Any CPU = Debug|Any CPU
		Release|Any CPU = Release|Any CPU
	EndGlobalSection
	GlobalSection(ProjectConfigurationPlatforms) = postSolution
		{F2F47440-D562-47D6-B129-32683555E353}.Debug|Any CPU.ActiveCfg = Debug|Any CPU
		{F2F47440-D562-47D6-B129-32683555E353}.Debug|Any CPU.Build.0 = Debug|Any CPU
		{F2F47440-D562-47D6-B129-32683555E353}.Release|Any CPU.ActiveCfg = Release|Any CPU
		{F2F47440-D562-47D6-B129-32683555E353}.Release|Any CPU.Build.0 = Release|Any CPU
		{76EDD240-31F7-4F0A-9AF1-9DFE49147BA1}.Debug|Any CPU.ActiveCfg = Debug|Any CPU
		{76EDD240-31F7-4F0A-9AF1-9DFE49147BA1}.Debug|Any CPU.Build.0 = Debug|Any CPU
		{76EDD240-31F7-4F0A-9AF1-9DFE49147BA1}.Release|Any CPU.ActiveCfg = Release|Any CPU
		{76EDD240-31F7-4F0A-9AF1-9DFE49147BA1}.Release|Any CPU.Build.0 = Release|Any CPU
		{71FE2D78-6FFA-4922-866B-9FC3423A126D}.Debug|Any CPU.ActiveCfg = Debug|Any CPU
		{71FE2D78-6FFA-4922-866B-9FC3423A126D}.Debug|Any CPU.Build.0 = Debug|Any CPU
		{71FE2D78-6FFA-4922-866B-9FC3423A126D}.Release|Any CPU.ActiveCfg = Release|Any CPU
		{71FE2D78-6FFA-4922-866B-9FC3423A126D}.Release|Any CPU.Build.0 = Release|Any CPU
		{2140E239-45B0-4929-A12C-79C15A3B6B32}.Debug|Any CPU.ActiveCfg = Debug|Any CPU
		{2140E239-45B0-4929-A12C-79C15A3B6B32}.Debug|Any CPU.Build.0 = Debug|Any CPU
		{2140E239-45B0-4929-A12C-79C15A3B6B32}.Release|Any CPU.ActiveCfg = Release|Any CPU
		{2140E239-45B0-4929-A12C-79C15A3B6B32}.Release|Any CPU.Build.0 = Release|Any CPU
		{90212B6E-BE06-45F0-B57F-D02BBFDD5873}.Debug|Any CPU.ActiveCfg = Debug|Any CPU
		{90212B6E-BE06-45F0-B57F-D02BBFDD5873}.Debug|Any CPU.Build.0 = Debug|Any CPU
		{90212B6E-BE06-45F0-B57F-D02BBFDD5873}.Release|Any CPU.ActiveCfg = Release|Any CPU
		{90212B6E-BE06-45F0-B57F-D02BBFDD5873}.Release|Any CPU.Build.0 = Release|Any CPU
	EndGlobalSection
	GlobalSection(SolutionProperties) = preSolution
		HideSolutionNode = FALSE
	EndGlobalSection
	GlobalSection(ExtensibilityGlobals) = postSolution
		SolutionGuid = {32A6366D-6144-46EC-B2D1-74652B2F9BF9}
	EndGlobalSection
EndGlobal
